
Microsoft Visual Studio Solution File, Format Version 12.00
# Visual Studio 15
VisualStudioVersion = 15.0.27703.2000
MinimumVisualStudioVersion = 10.0.40219.1
Project("{FAE04EC0-301F-11D3-BF4B-00C04F79EFBC}") = "movilapp", "movilapp\movilapp.csproj", "{B7F09CD8-47ED-424F-9B88-E9D20C9D3283}"
EndProject
Global
	GlobalSection(SolutionConfigurationPlatforms) = preSolution
		Debug|Any CPU = Debug|Any CPU
		Release|Any CPU = Release|Any CPU
	EndGlobalSection
	GlobalSection(ProjectConfigurationPlatforms) = postSolution
		{B7F09CD8-47ED-424F-9B88-E9D20C9D3283}.Debug|Any CPU.ActiveCfg = Debug|Any CPU
		{B7F09CD8-47ED-424F-9B88-E9D20C9D3283}.Debug|Any CPU.Build.0 = Debug|Any CPU
		{B7F09CD8-47ED-424F-9B88-E9D20C9D3283}.Debug|Any CPU.Deploy.0 = Debug|Any CPU
		{B7F09CD8-47ED-424F-9B88-E9D20C9D3283}.Release|Any CPU.ActiveCfg = Release|Any CPU
		{B7F09CD8-47ED-424F-9B88-E9D20C9D3283}.Release|Any CPU.Build.0 = Release|Any CPU
		{B7F09CD8-47ED-424F-9B88-E9D20C9D3283}.Release|Any CPU.Deploy.0 = Release|Any CPU
	EndGlobalSection
	GlobalSection(SolutionProperties) = preSolution
		HideSolutionNode = FALSE
	EndGlobalSection
	GlobalSection(ExtensibilityGlobals) = postSolution
		SolutionGuid = {9FAFB870-649A-4E98-A9B1-6FE2B67900B2}
	EndGlobalSection
EndGlobal
